
Microsoft Visual Studio Solution File, Format Version 12.00
# Visual Studio Version 17
VisualStudioVersion = 17.10.35027.167
MinimumVisualStudioVersion = 10.0.40219.1
Project("{8BC9CEB8-8B4A-11D0-8D11-00A0C91BC942}") = "UDP", "4_CHAT_MULTICAST\4_CHAT_MULTICAST.vcxproj", "{3D6BF897-598F-4987-AE43-BE96ACFDF5AD}"
EndProject
Project("{8BC9CEB8-8B4A-11D0-8D11-00A0C91BC942}") = "TCP", "TCP\TCP.vcxproj", "{8995A4CE-3C6F-475B-A418-8F2A098716C1}"
EndProject
Project("{8BC9CEB8-8B4A-11D0-8D11-00A0C91BC942}") = "TCP Server", "TCP Server\TCP Server.vcxproj", "{7F34A639-CC9B-4A3F-A716-5D2323561E1D}"
EndProject
Project("{8BC9CEB8-8B4A-11D0-8D11-00A0C91BC942}") = "SFML", "SFML\SFML.vcxproj", "{8B1439A6-EAD5-4D28-884D-7AC69447AA7B}"
EndProject
Project("{8BC9CEB8-8B4A-11D0-8D11-00A0C91BC942}") = "SFML_SERVER", "SFML_SERVER\SFML_SERVER.vcxproj", "{2D6F9879-9A00-4A89-BF43-72B4B7652ED8}"
EndProject
Global
	GlobalSection(SolutionConfigurationPlatforms) = preSolution
		Debug|x64 = Debug|x64
		Debug|x86 = Debug|x86
		Release|x64 = Release|x64
		Release|x86 = Release|x86
	EndGlobalSection
	GlobalSection(ProjectConfigurationPlatforms) = postSolution
		{3D6BF897-598F-4987-AE43-BE96ACFDF5AD}.Debug|x64.ActiveCfg = Debug|x64
		{3D6BF897-598F-4987-AE43-BE96ACFDF5AD}.Debug|x64.Build.0 = Debug|x64
		{3D6BF897-598F-4987-AE43-BE96ACFDF5AD}.Debug|x86.ActiveCfg = Debug|Win32
		{3D6BF897-598F-4987-AE43-BE96ACFDF5AD}.Debug|x86.Build.0 = Debug|Win32
		{3D6BF897-598F-4987-AE43-BE96ACFDF5AD}.Release|x64.ActiveCfg = Release|x64
		{3D6BF897-598F-4987-AE43-BE96ACFDF5AD}.Release|x64.Build.0 = Release|x64
		{3D6BF897-598F-4987-AE43-BE96ACFDF5AD}.Release|x86.ActiveCfg = Release|Win32
		{3D6BF897-598F-4987-AE43-BE96ACFDF5AD}.Release|x86.Build.0 = Release|Win32
		{8995A4CE-3C6F-475B-A418-8F2A098716C1}.Debug|x64.ActiveCfg = Debug|x64
		{8995A4CE-3C6F-475B-A418-8F2A098716C1}.Debug|x64.Build.0 = Debug|x64
		{8995A4CE-3C6F-475B-A418-8F2A098716C1}.Debug|x86.ActiveCfg = Debug|Win32
		{8995A4CE-3C6F-475B-A418-8F2A098716C1}.Debug|x86.Build.0 = Debug|Win32
		{8995A4CE-3C6F-475B-A418-8F2A098716C1}.Release|x64.ActiveCfg = Release|x64
		{8995A4CE-3C6F-475B-A418-8F2A098716C1}.Release|x64.Build.0 = Release|x64
		{8995A4CE-3C6F-475B-A418-8F2A098716C1}.Release|x86.ActiveCfg = Release|Win32
		{8995A4CE-3C6F-475B-A418-8F2A098716C1}.Release|x86.Build.0 = Release|Win32
		{7F34A639-CC9B-4A3F-A716-5D2323561E1D}.Debug|x64.ActiveCfg = Debug|x64
		{7F34A639-CC9B-4A3F-A716-5D2323561E1D}.Debug|x64.Build.0 = Debug|x64
		{7F34A639-CC9B-4A3F-A716-5D2323561E1D}.Debug|x86.ActiveCfg = Debug|Win32
		{7F34A639-CC9B-4A3F-A716-5D2323561E1D}.Debug|x86.Build.0 = Debug|Win32
		{7F34A639-CC9B-4A3F-A716-5D2323561E1D}.Release|x64.ActiveCfg = Release|x64
		{7F34A639-CC9B-4A3F-A716-5D2323561E1D}.Release|x64.Build.0 = Release|x64
		{7F34A639-CC9B-4A3F-A716-5D2323561E1D}.Release|x86.ActiveCfg = Release|Win32
		{7F34A639-CC9B-4A3F-A716-5D2323561E1D}.Release|x86.Build.0 = Release|Win32
		{8B1439A6-EAD5-4D28-884D-7AC69447AA7B}.Debug|x64.ActiveCfg = Debug|x64
		{8B1439A6-EAD5-4D28-884D-7AC69447AA7B}.Debug|x64.Build.0 = Debug|x64
		{8B1439A6-EAD5-4D28-884D-7AC69447AA7B}.Debug|x86.ActiveCfg = Debug|Win32
		{8B1439A6-EAD5-4D28-884D-7AC69447AA7B}.Debug|x86.Build.0 = Debug|Win32
		{8B1439A6-EAD5-4D28-884D-7AC69447AA7B}.Release|x64.ActiveCfg = Release|x64
		{8B1439A6-EAD5-4D28-884D-7AC69447AA7B}.Release|x64.Build.0 = Release|x64
		{8B1439A6-EAD5-4D28-884D-7AC69447AA7B}.Release|x86.ActiveCfg = Release|Win32
		{8B1439A6-EAD5-4D28-884D-7AC69447AA7B}.Release|x86.Build.0 = Release|Win32
		{2D6F9879-9A00-4A89-BF43-72B4B7652ED8}.Debug|x64.ActiveCfg = Debug|x64
		{2D6F9879-9A00-4A89-BF43-72B4B7652ED8}.Debug|x64.Build.0 = Debug|x64
		{2D6F9879-9A00-4A89-BF43-72B4B7652ED8}.Debug|x86.ActiveCfg = Debug|Win32
		{2D6F9879-9A00-4A89-BF43-72B4B7652ED8}.Debug|x86.Build.0 = Debug|Win32
		{2D6F9879-9A00-4A89-BF43-72B4B7652ED8}.Release|x64.ActiveCfg = Release|x64
		{2D6F9879-9A00-4A89-BF43-72B4B7652ED8}.Release|x64.Build.0 = Release|x64
		{2D6F9879-9A00-4A89-BF43-72B4B7652ED8}.Release|x86.ActiveCfg = Release|Win32
		{2D6F9879-9A00-4A89-BF43-72B4B7652ED8}.Release|x86.Build.0 = Release|Win32
	EndGlobalSection
	GlobalSection(SolutionProperties) = preSolution
		HideSolutionNode = FALSE
	EndGlobalSection
	GlobalSection(ExtensibilityGlobals) = postSolution
		SolutionGuid = {68E38005-356D-4D64-9E9E-F856C9254AD2}
	EndGlobalSection
EndGlobal
